// !$*UTF8*$!
{
	archiveVersion = 1;
	classes = {
	};
	objectVersion = 52;
	objects = {

/* Begin PBXBuildFile section */
		6B0108CC24018F4300DF80B4 /* Charts in Frameworks */ = {isa = PBXBuildFile; productRef = 6B0108CB24018F4300DF80B4 /* Charts */; };
		6B0108CE2401ACDF00DF80B4 /* SettingsViewModel.swift in Sources */ = {isa = PBXBuildFile; fileRef = 6B0108CD2401ACDF00DF80B4 /* SettingsViewModel.swift */; };
		6B0108D02401CB7200DF80B4 /* ExchangeRateHistory.swift in Sources */ = {isa = PBXBuildFile; fileRef = 6B0108CF2401CB7200DF80B4 /* ExchangeRateHistory.swift */; };
		6B0108D22401D5DB00DF80B4 /* Date-Extension.swift in Sources */ = {isa = PBXBuildFile; fileRef = 6B0108D12401D5DB00DF80B4 /* Date-Extension.swift */; };
		6B0108D42401DA8100DF80B4 /* HistoryViewModel.swift in Sources */ = {isa = PBXBuildFile; fileRef = 6B0108D32401DA8100DF80B4 /* HistoryViewModel.swift */; };
		6B0108D82401DF3D00DF80B4 /* ExchangeRateHistoryTableViewCell.swift in Sources */ = {isa = PBXBuildFile; fileRef = 6B0108D72401DF3D00DF80B4 /* ExchangeRateHistoryTableViewCell.swift */; };
		6B0108DA2401DF5600DF80B4 /* ExchangeRateTableViewCell.swift in Sources */ = {isa = PBXBuildFile; fileRef = 6B0108D92401DF5600DF80B4 /* ExchangeRateTableViewCell.swift */; };
		6B14A076240081440078D56F /* Array-Extension.swift in Sources */ = {isa = PBXBuildFile; fileRef = 6B14A075240081440078D56F /* Array-Extension.swift */; };
		6B14A07824009CF40078D56F /* SelectBaseCurrencyTableViewController.swift in Sources */ = {isa = PBXBuildFile; fileRef = 6B14A07724009CF40078D56F /* SelectBaseCurrencyTableViewController.swift */; };
		6B14A07A24009E230078D56F /* CurrencyTableViewCell.swift in Sources */ = {isa = PBXBuildFile; fileRef = 6B14A07924009E230078D56F /* CurrencyTableViewCell.swift */; };
		6B14A07C24009E760078D56F /* CurrencyCellViewModel.swift in Sources */ = {isa = PBXBuildFile; fileRef = 6B14A07B24009E760078D56F /* CurrencyCellViewModel.swift */; };
		6B14A07E2400A07F0078D56F /* SelectBaseCurrencyViewModel.swift in Sources */ = {isa = PBXBuildFile; fileRef = 6B14A07D2400A07F0078D56F /* SelectBaseCurrencyViewModel.swift */; };
		6B14A0802401405C0078D56F /* ExchangeRatesTableViewDataSource.swift in Sources */ = {isa = PBXBuildFile; fileRef = 6B14A07F2401405C0078D56F /* ExchangeRatesTableViewDataSource.swift */; };
		6B14A082240149940078D56F /* BaseCurrencyTableViewDataSource.swift in Sources */ = {isa = PBXBuildFile; fileRef = 6B14A081240149940078D56F /* BaseCurrencyTableViewDataSource.swift */; };
		6B14A085240156380078D56F /* SwiftyUserDefaults in Frameworks */ = {isa = PBXBuildFile; productRef = 6B14A084240156380078D56F /* SwiftyUserDefaults */; };
		6B14A0872401567E0078D56F /* ApplicationSettings.swift in Sources */ = {isa = PBXBuildFile; fileRef = 6B14A0862401567E0078D56F /* ApplicationSettings.swift */; };
		6B14A089240168E40078D56F /* CurrencyManager.swift in Sources */ = {isa = PBXBuildFile; fileRef = 6B14A088240168E40078D56F /* CurrencyManager.swift */; };
		6B47A0C223FF37A800B9E631 /* AppDelegate.swift in Sources */ = {isa = PBXBuildFile; fileRef = 6B47A0C123FF37A800B9E631 /* AppDelegate.swift */; };
		6B47A0C423FF37A800B9E631 /* SceneDelegate.swift in Sources */ = {isa = PBXBuildFile; fileRef = 6B47A0C323FF37A800B9E631 /* SceneDelegate.swift */; };
		6B47A0C923FF37A800B9E631 /* Main.storyboard in Resources */ = {isa = PBXBuildFile; fileRef = 6B47A0C723FF37A800B9E631 /* Main.storyboard */; };
		6B47A0CB23FF37A900B9E631 /* Assets.xcassets in Resources */ = {isa = PBXBuildFile; fileRef = 6B47A0CA23FF37A900B9E631 /* Assets.xcassets */; };
		6B47A0CE23FF37A900B9E631 /* LaunchScreen.storyboard in Resources */ = {isa = PBXBuildFile; fileRef = 6B47A0CC23FF37A900B9E631 /* LaunchScreen.storyboard */; };
		6B47A0E523FF37D600B9E631 /* ExchangeRatesViewController.swift in Sources */ = {isa = PBXBuildFile; fileRef = 6B47A0E423FF37D600B9E631 /* ExchangeRatesViewController.swift */; };
		6B47A0E723FF37DC00B9E631 /* HistoryViewController.swift in Sources */ = {isa = PBXBuildFile; fileRef = 6B47A0E623FF37DC00B9E631 /* HistoryViewController.swift */; };
		6B47A0E923FF37E200B9E631 /* SettingsViewController.swift in Sources */ = {isa = PBXBuildFile; fileRef = 6B47A0E823FF37E200B9E631 /* SettingsViewController.swift */; };
		6B73E01D240423020078F851 /* ExchangeRatesApiClientProtocol.swift in Sources */ = {isa = PBXBuildFile; fileRef = 6B73E01C240423020078F851 /* ExchangeRatesApiClientProtocol.swift */; };
		6B7BCD8024001AB500A85BE2 /* ExchangeRate.swift in Sources */ = {isa = PBXBuildFile; fileRef = 6B7BCD7F24001AB500A85BE2 /* ExchangeRate.swift */; };
		6B7BCD8324001D9500A85BE2 /* Alamofire in Frameworks */ = {isa = PBXBuildFile; productRef = 6B7BCD8224001D9500A85BE2 /* Alamofire */; };
		6B7BCD8624001E2800A85BE2 /* ExchangeRatesApiClient.swift in Sources */ = {isa = PBXBuildFile; fileRef = 6B7BCD8524001E2800A85BE2 /* ExchangeRatesApiClient.swift */; };
		6B7BCD8E2400662F00A85BE2 /* ExchangeRatesViewModel.swift in Sources */ = {isa = PBXBuildFile; fileRef = 6B7BCD8D2400662F00A85BE2 /* ExchangeRatesViewModel.swift */; };
		6B7BCD90240069FA00A85BE2 /* ExchangeRateCellViewModel.swift in Sources */ = {isa = PBXBuildFile; fileRef = 6B7BCD8F240069FA00A85BE2 /* ExchangeRateCellViewModel.swift */; };
		6BCDFE842400131100A2D188 /* Currency.swift in Sources */ = {isa = PBXBuildFile; fileRef = 6BCDFE832400131100A2D188 /* Currency.swift */; };
		6BD11FE62401E15A0051D08C /* ExchangeRateHistoryCellViewModel.swift in Sources */ = {isa = PBXBuildFile; fileRef = 6BD11FE52401E15A0051D08C /* ExchangeRateHistoryCellViewModel.swift */; };
		6BD11FEA2402B8AD0051D08C /* CurrencyModelTests.swift in Sources */ = {isa = PBXBuildFile; fileRef = 6BD11FE92402B8AD0051D08C /* CurrencyModelTests.swift */; };
		6BD11FEC2402BBE20051D08C /* ExchangeRateTests.swift in Sources */ = {isa = PBXBuildFile; fileRef = 6BD11FEB2402BBE20051D08C /* ExchangeRateTests.swift */; };
/* End PBXBuildFile section */

/* Begin PBXContainerItemProxy section */
		6B47A0D523FF37A900B9E631 /* PBXContainerItemProxy */ = {
			isa = PBXContainerItemProxy;
			containerPortal = 6B47A0B623FF37A800B9E631 /* Project object */;
			proxyType = 1;
			remoteGlobalIDString = 6B47A0BD23FF37A800B9E631;
			remoteInfo = CurrencyConverter;
		};
/* End PBXContainerItemProxy section */

/* Begin PBXFileReference section */
		6B0108CD2401ACDF00DF80B4 /* SettingsViewModel.swift */ = {isa = PBXFileReference; lastKnownFileType = sourcecode.swift; path = SettingsViewModel.swift; sourceTree = "<group>"; };
		6B0108CF2401CB7200DF80B4 /* ExchangeRateHistory.swift */ = {isa = PBXFileReference; lastKnownFileType = sourcecode.swift; path = ExchangeRateHistory.swift; sourceTree = "<group>"; };
		6B0108D12401D5DB00DF80B4 /* Date-Extension.swift */ = {isa = PBXFileReference; lastKnownFileType = sourcecode.swift; path = "Date-Extension.swift"; sourceTree = "<group>"; };
		6B0108D32401DA8100DF80B4 /* HistoryViewModel.swift */ = {isa = PBXFileReference; lastKnownFileType = sourcecode.swift; path = HistoryViewModel.swift; sourceTree = "<group>"; };
		6B0108D72401DF3D00DF80B4 /* ExchangeRateHistoryTableViewCell.swift */ = {isa = PBXFileReference; fileEncoding = 4; lastKnownFileType = sourcecode.swift; path = ExchangeRateHistoryTableViewCell.swift; sourceTree = "<group>"; };
		6B0108D92401DF5600DF80B4 /* ExchangeRateTableViewCell.swift */ = {isa = PBXFileReference; fileEncoding = 4; lastKnownFileType = sourcecode.swift; path = ExchangeRateTableViewCell.swift; sourceTree = "<group>"; };
		6B14A075240081440078D56F /* Array-Extension.swift */ = {isa = PBXFileReference; lastKnownFileType = sourcecode.swift; path = "Array-Extension.swift"; sourceTree = "<group>"; };
		6B14A07724009CF40078D56F /* SelectBaseCurrencyTableViewController.swift */ = {isa = PBXFileReference; lastKnownFileType = sourcecode.swift; path = SelectBaseCurrencyTableViewController.swift; sourceTree = "<group>"; };
		6B14A07924009E230078D56F /* CurrencyTableViewCell.swift */ = {isa = PBXFileReference; lastKnownFileType = sourcecode.swift; path = CurrencyTableViewCell.swift; sourceTree = "<group>"; };
		6B14A07B24009E760078D56F /* CurrencyCellViewModel.swift */ = {isa = PBXFileReference; lastKnownFileType = sourcecode.swift; path = CurrencyCellViewModel.swift; sourceTree = "<group>"; };
		6B14A07D2400A07F0078D56F /* SelectBaseCurrencyViewModel.swift */ = {isa = PBXFileReference; lastKnownFileType = sourcecode.swift; path = SelectBaseCurrencyViewModel.swift; sourceTree = "<group>"; };
		6B14A07F2401405C0078D56F /* ExchangeRatesTableViewDataSource.swift */ = {isa = PBXFileReference; lastKnownFileType = sourcecode.swift; path = ExchangeRatesTableViewDataSource.swift; sourceTree = "<group>"; };
		6B14A081240149940078D56F /* BaseCurrencyTableViewDataSource.swift */ = {isa = PBXFileReference; lastKnownFileType = sourcecode.swift; path = BaseCurrencyTableViewDataSource.swift; sourceTree = "<group>"; };
		6B14A0862401567E0078D56F /* ApplicationSettings.swift */ = {isa = PBXFileReference; lastKnownFileType = sourcecode.swift; path = ApplicationSettings.swift; sourceTree = "<group>"; };
		6B14A088240168E40078D56F /* CurrencyManager.swift */ = {isa = PBXFileReference; lastKnownFileType = sourcecode.swift; path = CurrencyManager.swift; sourceTree = "<group>"; };
		6B47A0BE23FF37A800B9E631 /* Currency.app */ = {isa = PBXFileReference; explicitFileType = wrapper.application; includeInIndex = 0; path = Currency.app; sourceTree = BUILT_PRODUCTS_DIR; };
		6B47A0C123FF37A800B9E631 /* AppDelegate.swift */ = {isa = PBXFileReference; lastKnownFileType = sourcecode.swift; path = AppDelegate.swift; sourceTree = "<group>"; };
		6B47A0C323FF37A800B9E631 /* SceneDelegate.swift */ = {isa = PBXFileReference; lastKnownFileType = sourcecode.swift; path = SceneDelegate.swift; sourceTree = "<group>"; };
		6B47A0C823FF37A800B9E631 /* Base */ = {isa = PBXFileReference; lastKnownFileType = file.storyboard; name = Base; path = Base.lproj/Main.storyboard; sourceTree = "<group>"; };
		6B47A0CA23FF37A900B9E631 /* Assets.xcassets */ = {isa = PBXFileReference; lastKnownFileType = folder.assetcatalog; path = Assets.xcassets; sourceTree = "<group>"; };
		6B47A0CD23FF37A900B9E631 /* Base */ = {isa = PBXFileReference; lastKnownFileType = file.storyboard; name = Base; path = Base.lproj/LaunchScreen.storyboard; sourceTree = "<group>"; };
		6B47A0CF23FF37A900B9E631 /* Info.plist */ = {isa = PBXFileReference; lastKnownFileType = text.plist.xml; path = Info.plist; sourceTree = "<group>"; };
		6B47A0D423FF37A900B9E631 /* CurrencyConverterTests.xctest */ = {isa = PBXFileReference; explicitFileType = wrapper.cfbundle; includeInIndex = 0; path = CurrencyConverterTests.xctest; sourceTree = BUILT_PRODUCTS_DIR; };
		6B47A0DA23FF37A900B9E631 /* Info.plist */ = {isa = PBXFileReference; lastKnownFileType = text.plist.xml; path = Info.plist; sourceTree = "<group>"; };
		6B47A0E423FF37D600B9E631 /* ExchangeRatesViewController.swift */ = {isa = PBXFileReference; lastKnownFileType = sourcecode.swift; path = ExchangeRatesViewController.swift; sourceTree = "<group>"; };
		6B47A0E623FF37DC00B9E631 /* HistoryViewController.swift */ = {isa = PBXFileReference; lastKnownFileType = sourcecode.swift; path = HistoryViewController.swift; sourceTree = "<group>"; };
		6B47A0E823FF37E200B9E631 /* SettingsViewController.swift */ = {isa = PBXFileReference; lastKnownFileType = sourcecode.swift; path = SettingsViewController.swift; sourceTree = "<group>"; };
		6B73E01C240423020078F851 /* ExchangeRatesApiClientProtocol.swift */ = {isa = PBXFileReference; lastKnownFileType = sourcecode.swift; path = ExchangeRatesApiClientProtocol.swift; sourceTree = "<group>"; };
		6B7BCD7F24001AB500A85BE2 /* ExchangeRate.swift */ = {isa = PBXFileReference; lastKnownFileType = sourcecode.swift; path = ExchangeRate.swift; sourceTree = "<group>"; };
		6B7BCD8524001E2800A85BE2 /* ExchangeRatesApiClient.swift */ = {isa = PBXFileReference; lastKnownFileType = sourcecode.swift; path = ExchangeRatesApiClient.swift; sourceTree = "<group>"; };
		6B7BCD8D2400662F00A85BE2 /* ExchangeRatesViewModel.swift */ = {isa = PBXFileReference; lastKnownFileType = sourcecode.swift; path = ExchangeRatesViewModel.swift; sourceTree = "<group>"; };
		6B7BCD8F240069FA00A85BE2 /* ExchangeRateCellViewModel.swift */ = {isa = PBXFileReference; lastKnownFileType = sourcecode.swift; path = ExchangeRateCellViewModel.swift; sourceTree = "<group>"; };
		6BCDFE832400131100A2D188 /* Currency.swift */ = {isa = PBXFileReference; lastKnownFileType = sourcecode.swift; path = Currency.swift; sourceTree = "<group>"; };
		6BD11FE52401E15A0051D08C /* ExchangeRateHistoryCellViewModel.swift */ = {isa = PBXFileReference; lastKnownFileType = sourcecode.swift; path = ExchangeRateHistoryCellViewModel.swift; sourceTree = "<group>"; };
		6BD11FE92402B8AD0051D08C /* CurrencyModelTests.swift */ = {isa = PBXFileReference; lastKnownFileType = sourcecode.swift; path = CurrencyModelTests.swift; sourceTree = "<group>"; };
		6BD11FEB2402BBE20051D08C /* ExchangeRateTests.swift */ = {isa = PBXFileReference; lastKnownFileType = sourcecode.swift; path = ExchangeRateTests.swift; sourceTree = "<group>"; };
/* End PBXFileReference section */

/* Begin PBXFrameworksBuildPhase section */
		6B47A0BB23FF37A800B9E631 /* Frameworks */ = {
			isa = PBXFrameworksBuildPhase;
			buildActionMask = 2147483647;
			files = (
				6B7BCD8324001D9500A85BE2 /* Alamofire in Frameworks */,
				6B0108CC24018F4300DF80B4 /* Charts in Frameworks */,
				6B14A085240156380078D56F /* SwiftyUserDefaults in Frameworks */,
			);
			runOnlyForDeploymentPostprocessing = 0;
		};
		6B47A0D123FF37A900B9E631 /* Frameworks */ = {
			isa = PBXFrameworksBuildPhase;
			buildActionMask = 2147483647;
			files = (
			);
			runOnlyForDeploymentPostprocessing = 0;
		};
/* End PBXFrameworksBuildPhase section */

/* Begin PBXGroup section */
		6B14A074240080FE0078D56F /* Extensions */ = {
			isa = PBXGroup;
			children = (
				6B14A075240081440078D56F /* Array-Extension.swift */,
				6B0108D12401D5DB00DF80B4 /* Date-Extension.swift */,
			);
			path = Extensions;
			sourceTree = "<group>";
		};
		6B47A0B523FF37A800B9E631 = {
			isa = PBXGroup;
			children = (
				6B47A0C023FF37A800B9E631 /* CurrencyConverter */,
				6B47A0D723FF37A900B9E631 /* CurrencyConverterTests */,
				6B47A0BF23FF37A800B9E631 /* Products */,
			);
			sourceTree = "<group>";
		};
		6B47A0BF23FF37A800B9E631 /* Products */ = {
			isa = PBXGroup;
			children = (
				6B47A0BE23FF37A800B9E631 /* Currency.app */,
				6B47A0D423FF37A900B9E631 /* CurrencyConverterTests.xctest */,
			);
			name = Products;
			sourceTree = "<group>";
		};
		6B47A0C023FF37A800B9E631 /* CurrencyConverter */ = {
			isa = PBXGroup;
			children = (
				6B14A074240080FE0078D56F /* Extensions */,
				6B7BCD8424001DAE00A85BE2 /* Networking */,
				6BCDFE80240010D100A2D188 /* Models */,
				6B7BCD8924005E0F00A85BE2 /* Views */,
				6B7BCD8C2400653A00A85BE2 /* View Models */,
				6B47A0E323FF37C400B9E631 /* View Controllers */,
				6B47A0C123FF37A800B9E631 /* AppDelegate.swift */,
				6B47A0C323FF37A800B9E631 /* SceneDelegate.swift */,
				6B47A0C723FF37A800B9E631 /* Main.storyboard */,
				6B47A0CA23FF37A900B9E631 /* Assets.xcassets */,
				6B47A0CC23FF37A900B9E631 /* LaunchScreen.storyboard */,
				6B47A0CF23FF37A900B9E631 /* Info.plist */,
			);
			path = CurrencyConverter;
			sourceTree = "<group>";
		};
		6B47A0D723FF37A900B9E631 /* CurrencyConverterTests */ = {
			isa = PBXGroup;
			children = (
				6BD11FE92402B8AD0051D08C /* CurrencyModelTests.swift */,
				6BD11FEB2402BBE20051D08C /* ExchangeRateTests.swift */,
				6B47A0DA23FF37A900B9E631 /* Info.plist */,
			);
			path = CurrencyConverterTests;
			sourceTree = "<group>";
		};
		6B47A0E323FF37C400B9E631 /* View Controllers */ = {
			isa = PBXGroup;
			children = (
				6B47A0E423FF37D600B9E631 /* ExchangeRatesViewController.swift */,
				6B47A0E623FF37DC00B9E631 /* HistoryViewController.swift */,
				6B47A0E823FF37E200B9E631 /* SettingsViewController.swift */,
				6B14A07724009CF40078D56F /* SelectBaseCurrencyTableViewController.swift */,
			);
			path = "View Controllers";
			sourceTree = "<group>";
		};
		6B7BCD8424001DAE00A85BE2 /* Networking */ = {
			isa = PBXGroup;
			children = (
				6B7BCD8524001E2800A85BE2 /* ExchangeRatesApiClient.swift */,
				6B73E01C240423020078F851 /* ExchangeRatesApiClientProtocol.swift */,
			);
			path = Networking;
			sourceTree = "<group>";
		};
		6B7BCD8924005E0F00A85BE2 /* Views */ = {
			isa = PBXGroup;
			children = (
				6B14A07924009E230078D56F /* CurrencyTableViewCell.swift */,
				6B0108D92401DF5600DF80B4 /* ExchangeRateTableViewCell.swift */,
				6B0108D72401DF3D00DF80B4 /* ExchangeRateHistoryTableViewCell.swift */,
			);
			path = Views;
			sourceTree = "<group>";
		};
		6B7BCD8C2400653A00A85BE2 /* View Models */ = {
			isa = PBXGroup;
			children = (
				6B7BCD8D2400662F00A85BE2 /* ExchangeRatesViewModel.swift */,
				6B0108D32401DA8100DF80B4 /* HistoryViewModel.swift */,
				6B0108CD2401ACDF00DF80B4 /* SettingsViewModel.swift */,
				6B14A07D2400A07F0078D56F /* SelectBaseCurrencyViewModel.swift */,
				6B7BCD8F240069FA00A85BE2 /* ExchangeRateCellViewModel.swift */,
				6B14A07B24009E760078D56F /* CurrencyCellViewModel.swift */,
				6BD11FE52401E15A0051D08C /* ExchangeRateHistoryCellViewModel.swift */,
			);
			path = "View Models";
			sourceTree = "<group>";
		};
		6BCDFE80240010D100A2D188 /* Models */ = {
			isa = PBXGroup;
			children = (
				6BCDFE832400131100A2D188 /* Currency.swift */,
				6B14A088240168E40078D56F /* CurrencyManager.swift */,
				6B7BCD7F24001AB500A85BE2 /* ExchangeRate.swift */,
				6B0108CF2401CB7200DF80B4 /* ExchangeRateHistory.swift */,
				6B14A0862401567E0078D56F /* ApplicationSettings.swift */,
				6B14A07F2401405C0078D56F /* ExchangeRatesTableViewDataSource.swift */,
				6B14A081240149940078D56F /* BaseCurrencyTableViewDataSource.swift */,
			);
			path = Models;
			sourceTree = "<group>";
		};
/* End PBXGroup section */

/* Begin PBXNativeTarget section */
		6B47A0BD23FF37A800B9E631 /* CurrencyConverter */ = {
			isa = PBXNativeTarget;
			buildConfigurationList = 6B47A0DD23FF37A900B9E631 /* Build configuration list for PBXNativeTarget "CurrencyConverter" */;
			buildPhases = (
				6B47A0BA23FF37A800B9E631 /* Sources */,
				6B47A0BB23FF37A800B9E631 /* Frameworks */,
				6B47A0BC23FF37A800B9E631 /* Resources */,
			);
			buildRules = (
			);
			dependencies = (
			);
			name = CurrencyConverter;
			packageProductDependencies = (
				6B7BCD8224001D9500A85BE2 /* Alamofire */,
				6B14A084240156380078D56F /* SwiftyUserDefaults */,
				6B0108CB24018F4300DF80B4 /* Charts */,
			);
			productName = CurrencyConverter;
			productReference = 6B47A0BE23FF37A800B9E631 /* Currency.app */;
			productType = "com.apple.product-type.application";
		};
		6B47A0D323FF37A900B9E631 /* CurrencyConverterTests */ = {
			isa = PBXNativeTarget;
			buildConfigurationList = 6B47A0E023FF37A900B9E631 /* Build configuration list for PBXNativeTarget "CurrencyConverterTests" */;
			buildPhases = (
				6B47A0D023FF37A900B9E631 /* Sources */,
				6B47A0D123FF37A900B9E631 /* Frameworks */,
				6B47A0D223FF37A900B9E631 /* Resources */,
			);
			buildRules = (
			);
			dependencies = (
				6B47A0D623FF37A900B9E631 /* PBXTargetDependency */,
			);
			name = CurrencyConverterTests;
			productName = CurrencyConverterTests;
			productReference = 6B47A0D423FF37A900B9E631 /* CurrencyConverterTests.xctest */;
			productType = "com.apple.product-type.bundle.unit-test";
		};
/* End PBXNativeTarget section */

/* Begin PBXProject section */
		6B47A0B623FF37A800B9E631 /* Project object */ = {
			isa = PBXProject;
			attributes = {
				LastSwiftUpdateCheck = 1130;
				LastUpgradeCheck = 1130;
				ORGANIZATIONNAME = "Andrei Ciobanu";
				TargetAttributes = {
					6B47A0BD23FF37A800B9E631 = {
						CreatedOnToolsVersion = 11.3.1;
					};
					6B47A0D323FF37A900B9E631 = {
						CreatedOnToolsVersion = 11.3.1;
						TestTargetID = 6B47A0BD23FF37A800B9E631;
					};
				};
			};
			buildConfigurationList = 6B47A0B923FF37A800B9E631 /* Build configuration list for PBXProject "CurrencyConverter" */;
			compatibilityVersion = "Xcode 9.3";
			developmentRegion = en;
			hasScannedForEncodings = 0;
			knownRegions = (
				en,
				Base,
			);
			mainGroup = 6B47A0B523FF37A800B9E631;
			packageReferences = (
				6B7BCD8124001D9500A85BE2 /* XCRemoteSwiftPackageReference "Alamofire" */,
				6B14A083240156380078D56F /* XCRemoteSwiftPackageReference "SwiftyUserDefaults" */,
				6B0108CA24018F4300DF80B4 /* XCRemoteSwiftPackageReference "Charts" */,
			);
			productRefGroup = 6B47A0BF23FF37A800B9E631 /* Products */;
			projectDirPath = "";
			projectRoot = "";
			targets = (
				6B47A0BD23FF37A800B9E631 /* CurrencyConverter */,
				6B47A0D323FF37A900B9E631 /* CurrencyConverterTests */,
			);
		};
/* End PBXProject section */

/* Begin PBXResourcesBuildPhase section */
		6B47A0BC23FF37A800B9E631 /* Resources */ = {
			isa = PBXResourcesBuildPhase;
			buildActionMask = 2147483647;
			files = (
				6B47A0CE23FF37A900B9E631 /* LaunchScreen.storyboard in Resources */,
				6B47A0CB23FF37A900B9E631 /* Assets.xcassets in Resources */,
				6B47A0C923FF37A800B9E631 /* Main.storyboard in Resources */,
			);
			runOnlyForDeploymentPostprocessing = 0;
		};
		6B47A0D223FF37A900B9E631 /* Resources */ = {
			isa = PBXResourcesBuildPhase;
			buildActionMask = 2147483647;
			files = (
			);
			runOnlyForDeploymentPostprocessing = 0;
		};
/* End PBXResourcesBuildPhase section */

/* Begin PBXSourcesBuildPhase section */
		6B47A0BA23FF37A800B9E631 /* Sources */ = {
			isa = PBXSourcesBuildPhase;
			buildActionMask = 2147483647;
			files = (
				6B14A082240149940078D56F /* BaseCurrencyTableViewDataSource.swift in Sources */,
				6B14A07E2400A07F0078D56F /* SelectBaseCurrencyViewModel.swift in Sources */,
				6B14A07C24009E760078D56F /* CurrencyCellViewModel.swift in Sources */,
				6B47A0C223FF37A800B9E631 /* AppDelegate.swift in Sources */,
				6B47A0C423FF37A800B9E631 /* SceneDelegate.swift in Sources */,
				6B14A0802401405C0078D56F /* ExchangeRatesTableViewDataSource.swift in Sources */,
				6B14A0872401567E0078D56F /* ApplicationSettings.swift in Sources */,
				6B47A0E723FF37DC00B9E631 /* HistoryViewController.swift in Sources */,
				6B0108D42401DA8100DF80B4 /* HistoryViewModel.swift in Sources */,
				6B7BCD8E2400662F00A85BE2 /* ExchangeRatesViewModel.swift in Sources */,
				6B7BCD8624001E2800A85BE2 /* ExchangeRatesApiClient.swift in Sources */,
				6BCDFE842400131100A2D188 /* Currency.swift in Sources */,
				6B47A0E523FF37D600B9E631 /* ExchangeRatesViewController.swift in Sources */,
				6B14A076240081440078D56F /* Array-Extension.swift in Sources */,
				6B73E01D240423020078F851 /* ExchangeRatesApiClientProtocol.swift in Sources */,
				6B14A07A24009E230078D56F /* CurrencyTableViewCell.swift in Sources */,
				6B14A07824009CF40078D56F /* SelectBaseCurrencyTableViewController.swift in Sources */,
				6BD11FE62401E15A0051D08C /* ExchangeRateHistoryCellViewModel.swift in Sources */,
				6B14A089240168E40078D56F /* CurrencyManager.swift in Sources */,
				6B0108DA2401DF5600DF80B4 /* ExchangeRateTableViewCell.swift in Sources */,
				6B7BCD8024001AB500A85BE2 /* ExchangeRate.swift in Sources */,
				6B0108D82401DF3D00DF80B4 /* ExchangeRateHistoryTableViewCell.swift in Sources */,
				6B0108D02401CB7200DF80B4 /* ExchangeRateHistory.swift in Sources */,
				6B0108CE2401ACDF00DF80B4 /* SettingsViewModel.swift in Sources */,
				6B47A0E923FF37E200B9E631 /* SettingsViewController.swift in Sources */,
				6B7BCD90240069FA00A85BE2 /* ExchangeRateCellViewModel.swift in Sources */,
				6B0108D22401D5DB00DF80B4 /* Date-Extension.swift in Sources */,
			);
			runOnlyForDeploymentPostprocessing = 0;
		};
		6B47A0D023FF37A900B9E631 /* Sources */ = {
			isa = PBXSourcesBuildPhase;
			buildActionMask = 2147483647;
			files = (
				6BD11FEC2402BBE20051D08C /* ExchangeRateTests.swift in Sources */,
				6BD11FEA2402B8AD0051D08C /* CurrencyModelTests.swift in Sources */,
			);
			runOnlyForDeploymentPostprocessing = 0;
		};
/* End PBXSourcesBuildPhase section */

/* Begin PBXTargetDependency section */
		6B47A0D623FF37A900B9E631 /* PBXTargetDependency */ = {
			isa = PBXTargetDependency;
			target = 6B47A0BD23FF37A800B9E631 /* CurrencyConverter */;
			targetProxy = 6B47A0D523FF37A900B9E631 /* PBXContainerItemProxy */;
		};
/* End PBXTargetDependency section */

/* Begin PBXVariantGroup section */
		6B47A0C723FF37A800B9E631 /* Main.storyboard */ = {
			isa = PBXVariantGroup;
			children = (
				6B47A0C823FF37A800B9E631 /* Base */,
			);
			name = Main.storyboard;
			sourceTree = "<group>";
		};
		6B47A0CC23FF37A900B9E631 /* LaunchScreen.storyboard */ = {
			isa = PBXVariantGroup;
			children = (
				6B47A0CD23FF37A900B9E631 /* Base */,
			);
			name = LaunchScreen.storyboard;
			sourceTree = "<group>";
		};
/* End PBXVariantGroup section */

/* Begin XCBuildConfiguration section */
		6B47A0DB23FF37A900B9E631 /* Debug */ = {
			isa = XCBuildConfiguration;
			buildSettings = {
				ALWAYS_SEARCH_USER_PATHS = NO;
				CLANG_ANALYZER_NONNULL = YES;
				CLANG_ANALYZER_NUMBER_OBJECT_CONVERSION = YES_AGGRESSIVE;
				CLANG_CXX_LANGUAGE_STANDARD = "gnu++14";
				CLANG_CXX_LIBRARY = "libc++";
				CLANG_ENABLE_MODULES = YES;
				CLANG_ENABLE_OBJC_ARC = YES;
				CLANG_ENABLE_OBJC_WEAK = YES;
				CLANG_WARN_BLOCK_CAPTURE_AUTORELEASING = YES;
				CLANG_WARN_BOOL_CONVERSION = YES;
				CLANG_WARN_COMMA = YES;
				CLANG_WARN_CONSTANT_CONVERSION = YES;
				CLANG_WARN_DEPRECATED_OBJC_IMPLEMENTATIONS = YES;
				CLANG_WARN_DIRECT_OBJC_ISA_USAGE = YES_ERROR;
				CLANG_WARN_DOCUMENTATION_COMMENTS = YES;
				CLANG_WARN_EMPTY_BODY = YES;
				CLANG_WARN_ENUM_CONVERSION = YES;
				CLANG_WARN_INFINITE_RECURSION = YES;
				CLANG_WARN_INT_CONVERSION = YES;
				CLANG_WARN_NON_LITERAL_NULL_CONVERSION = YES;
				CLANG_WARN_OBJC_IMPLICIT_RETAIN_SELF = YES;
				CLANG_WARN_OBJC_LITERAL_CONVERSION = YES;
				CLANG_WARN_OBJC_ROOT_CLASS = YES_ERROR;
				CLANG_WARN_RANGE_LOOP_ANALYSIS = YES;
				CLANG_WARN_STRICT_PROTOTYPES = YES;
				CLANG_WARN_SUSPICIOUS_MOVE = YES;
				CLANG_WARN_UNGUARDED_AVAILABILITY = YES_AGGRESSIVE;
				CLANG_WARN_UNREACHABLE_CODE = YES;
				CLANG_WARN__DUPLICATE_METHOD_MATCH = YES;
				COPY_PHASE_STRIP = NO;
				DEBUG_INFORMATION_FORMAT = dwarf;
				ENABLE_STRICT_OBJC_MSGSEND = YES;
				ENABLE_TESTABILITY = YES;
				GCC_C_LANGUAGE_STANDARD = gnu11;
				GCC_DYNAMIC_NO_PIC = NO;
				GCC_NO_COMMON_BLOCKS = YES;
				GCC_OPTIMIZATION_LEVEL = 0;
				GCC_PREPROCESSOR_DEFINITIONS = (
					"DEBUG=1",
					"$(inherited)",
				);
				GCC_WARN_64_TO_32_BIT_CONVERSION = YES;
				GCC_WARN_ABOUT_RETURN_TYPE = YES_ERROR;
				GCC_WARN_UNDECLARED_SELECTOR = YES;
				GCC_WARN_UNINITIALIZED_AUTOS = YES_AGGRESSIVE;
				GCC_WARN_UNUSED_FUNCTION = YES;
				GCC_WARN_UNUSED_VARIABLE = YES;
				IPHONEOS_DEPLOYMENT_TARGET = 13.2;
				MTL_ENABLE_DEBUG_INFO = INCLUDE_SOURCE;
				MTL_FAST_MATH = YES;
				ONLY_ACTIVE_ARCH = YES;
				SDKROOT = iphoneos;
				SWIFT_ACTIVE_COMPILATION_CONDITIONS = DEBUG;
				SWIFT_OPTIMIZATION_LEVEL = "-Onone";
			};
			name = Debug;
		};
		6B47A0DC23FF37A900B9E631 /* Release */ = {
			isa = XCBuildConfiguration;
			buildSettings = {
				ALWAYS_SEARCH_USER_PATHS = NO;
				CLANG_ANALYZER_NONNULL = YES;
				CLANG_ANALYZER_NUMBER_OBJECT_CONVERSION = YES_AGGRESSIVE;
				CLANG_CXX_LANGUAGE_STANDARD = "gnu++14";
				CLANG_CXX_LIBRARY = "libc++";
				CLANG_ENABLE_MODULES = YES;
				CLANG_ENABLE_OBJC_ARC = YES;
				CLANG_ENABLE_OBJC_WEAK = YES;
				CLANG_WARN_BLOCK_CAPTURE_AUTORELEASING = YES;
				CLANG_WARN_BOOL_CONVERSION = YES;
				CLANG_WARN_COMMA = YES;
				CLANG_WARN_CONSTANT_CONVERSION = YES;
				CLANG_WARN_DEPRECATED_OBJC_IMPLEMENTATIONS = YES;
				CLANG_WARN_DIRECT_OBJC_ISA_USAGE = YES_ERROR;
				CLANG_WARN_DOCUMENTATION_COMMENTS = YES;
				CLANG_WARN_EMPTY_BODY = YES;
				CLANG_WARN_ENUM_CONVERSION = YES;
				CLANG_WARN_INFINITE_RECURSION = YES;
				CLANG_WARN_INT_CONVERSION = YES;
				CLANG_WARN_NON_LITERAL_NULL_CONVERSION = YES;
				CLANG_WARN_OBJC_IMPLICIT_RETAIN_SELF = YES;
				CLANG_WARN_OBJC_LITERAL_CONVERSION = YES;
				CLANG_WARN_OBJC_ROOT_CLASS = YES_ERROR;
				CLANG_WARN_RANGE_LOOP_ANALYSIS = YES;
				CLANG_WARN_STRICT_PROTOTYPES = YES;
				CLANG_WARN_SUSPICIOUS_MOVE = YES;
				CLANG_WARN_UNGUARDED_AVAILABILITY = YES_AGGRESSIVE;
				CLANG_WARN_UNREACHABLE_CODE = YES;
				CLANG_WARN__DUPLICATE_METHOD_MATCH = YES;
				COPY_PHASE_STRIP = NO;
				DEBUG_INFORMATION_FORMAT = "dwarf-with-dsym";
				ENABLE_NS_ASSERTIONS = NO;
				ENABLE_STRICT_OBJC_MSGSEND = YES;
				GCC_C_LANGUAGE_STANDARD = gnu11;
				GCC_NO_COMMON_BLOCKS = YES;
				GCC_WARN_64_TO_32_BIT_CONVERSION = YES;
				GCC_WARN_ABOUT_RETURN_TYPE = YES_ERROR;
				GCC_WARN_UNDECLARED_SELECTOR = YES;
				GCC_WARN_UNINITIALIZED_AUTOS = YES_AGGRESSIVE;
				GCC_WARN_UNUSED_FUNCTION = YES;
				GCC_WARN_UNUSED_VARIABLE = YES;
				IPHONEOS_DEPLOYMENT_TARGET = 13.2;
				MTL_ENABLE_DEBUG_INFO = NO;
				MTL_FAST_MATH = YES;
				SDKROOT = iphoneos;
				SWIFT_COMPILATION_MODE = wholemodule;
				SWIFT_OPTIMIZATION_LEVEL = "-O";
				VALIDATE_PRODUCT = YES;
			};
			name = Release;
		};
		6B47A0DE23FF37A900B9E631 /* Debug */ = {
			isa = XCBuildConfiguration;
			buildSettings = {
				ASSETCATALOG_COMPILER_APPICON_NAME = AppIcon;
				CODE_SIGN_STYLE = Automatic;
				DEVELOPMENT_TEAM = 5A8VCRJ637;
				INFOPLIST_FILE = CurrencyConverter/Info.plist;
				LD_RUNPATH_SEARCH_PATHS = (
					"$(inherited)",
					"@executable_path/Frameworks",
				);
				PRODUCT_BUNDLE_IDENTIFIER = com.appstudio.CurrencyConverter;
				PRODUCT_NAME = Currency;
				SWIFT_VERSION = 5.0;
				TARGETED_DEVICE_FAMILY = "1,2";
			};
			name = Debug;
		};
		6B47A0DF23FF37A900B9E631 /* Release */ = {
			isa = XCBuildConfiguration;
			buildSettings = {
				ASSETCATALOG_COMPILER_APPICON_NAME = AppIcon;
				CODE_SIGN_STYLE = Automatic;
				DEVELOPMENT_TEAM = 5A8VCRJ637;
				INFOPLIST_FILE = CurrencyConverter/Info.plist;
				LD_RUNPATH_SEARCH_PATHS = (
					"$(inherited)",
					"@executable_path/Frameworks",
				);
				PRODUCT_BUNDLE_IDENTIFIER = com.appstudio.CurrencyConverter;
				PRODUCT_NAME = Currency;
				SWIFT_VERSION = 5.0;
				TARGETED_DEVICE_FAMILY = "1,2";
			};
			name = Release;
		};
		6B47A0E123FF37A900B9E631 /* Debug */ = {
			isa = XCBuildConfiguration;
			buildSettings = {
				ALWAYS_EMBED_SWIFT_STANDARD_LIBRARIES = YES;
				BUNDLE_LOADER = "$(TEST_HOST)";
				CODE_SIGN_STYLE = Automatic;
				DEVELOPMENT_TEAM = 5A8VCRJ637;
				INFOPLIST_FILE = CurrencyConverterTests/Info.plist;
				IPHONEOS_DEPLOYMENT_TARGET = 13.2;
				LD_RUNPATH_SEARCH_PATHS = (
					"$(inherited)",
					"@executable_path/Frameworks",
					"@loader_path/Frameworks",
				);
				PRODUCT_BUNDLE_IDENTIFIER = com.appstudio.CurrencyConverterTests;
				PRODUCT_NAME = "$(TARGET_NAME)";
				SWIFT_VERSION = 5.0;
				TARGETED_DEVICE_FAMILY = "1,2";
				TEST_HOST = "$(BUILT_PRODUCTS_DIR)/CurrencyConverter.app/CurrencyConverter";
			};
			name = Debug;
		};
		6B47A0E223FF37A900B9E631 /* Release */ = {
			isa = XCBuildConfiguration;
			buildSettings = {
				ALWAYS_EMBED_SWIFT_STANDARD_LIBRARIES = YES;
				BUNDLE_LOADER = "$(TEST_HOST)";
				CODE_SIGN_STYLE = Automatic;
				DEVELOPMENT_TEAM = 5A8VCRJ637;
				INFOPLIST_FILE = CurrencyConverterTests/Info.plist;
				IPHONEOS_DEPLOYMENT_TARGET = 13.2;
				LD_RUNPATH_SEARCH_PATHS = (
					"$(inherited)",
					"@executable_path/Frameworks",
					"@loader_path/Frameworks",
				);
				PRODUCT_BUNDLE_IDENTIFIER = com.appstudio.CurrencyConverterTests;
				PRODUCT_NAME = "$(TARGET_NAME)";
				SWIFT_VERSION = 5.0;
				TARGETED_DEVICE_FAMILY = "1,2";
				TEST_HOST = "$(BUILT_PRODUCTS_DIR)/CurrencyConverter.app/CurrencyConverter";
			};
			name = Release;
		};
/* End XCBuildConfiguration section */

/* Begin XCConfigurationList section */
		6B47A0B923FF37A800B9E631 /* Build configuration list for PBXProject "CurrencyConverter" */ = {
			isa = XCConfigurationList;
			buildConfigurations = (
				6B47A0DB23FF37A900B9E631 /* Debug */,
				6B47A0DC23FF37A900B9E631 /* Release */,
			);
			defaultConfigurationIsVisible = 0;
			defaultConfigurationName = Release;
		};
		6B47A0DD23FF37A900B9E631 /* Build configuration list for PBXNativeTarget "CurrencyConverter" */ = {
			isa = XCConfigurationList;
			buildConfigurations = (
				6B47A0DE23FF37A900B9E631 /* Debug */,
				6B47A0DF23FF37A900B9E631 /* Release */,
			);
			defaultConfigurationIsVisible = 0;
			defaultConfigurationName = Release;
		};
		6B47A0E023FF37A900B9E631 /* Build configuration list for PBXNativeTarget "CurrencyConverterTests" */ = {
			isa = XCConfigurationList;
			buildConfigurations = (
				6B47A0E123FF37A900B9E631 /* Debug */,
				6B47A0E223FF37A900B9E631 /* Release */,
			);
			defaultConfigurationIsVisible = 0;
			defaultConfigurationName = Release;
		};
/* End XCConfigurationList section */

/* Begin XCRemoteSwiftPackageReference section */
		6B0108CA24018F4300DF80B4 /* XCRemoteSwiftPackageReference "Charts" */ = {
			isa = XCRemoteSwiftPackageReference;
			repositoryURL = "https://github.com/danielgindi/Charts.git";
			requirement = {
				kind = exactVersion;
				version = 3.4.0;
			};
		};
		6B14A083240156380078D56F /* XCRemoteSwiftPackageReference "SwiftyUserDefaults" */ = {
			isa = XCRemoteSwiftPackageReference;
			repositoryURL = "https://github.com/sunshinejr/SwiftyUserDefaults.git";
			requirement = {
				kind = exactVersion;
				version = 5.0.0;
			};
		};
		6B7BCD8124001D9500A85BE2 /* XCRemoteSwiftPackageReference "Alamofire" */ = {
			isa = XCRemoteSwiftPackageReference;
			repositoryURL = "https://github.com/Alamofire/Alamofire.git";
			requirement = {
				kind = exactVersion;
				version = 5.0.0;
			};
		};
/* End XCRemoteSwiftPackageReference section */

/* Begin XCSwiftPackageProductDependency section */
		6B0108CB24018F4300DF80B4 /* Charts */ = {
			isa = XCSwiftPackageProductDependency;
			package = 6B0108CA24018F4300DF80B4 /* XCRemoteSwiftPackageReference "Charts" */;
			productName = Charts;
		};
		6B14A084240156380078D56F /* SwiftyUserDefaults */ = {
			isa = XCSwiftPackageProductDependency;
			package = 6B14A083240156380078D56F /* XCRemoteSwiftPackageReference "SwiftyUserDefaults" */;
			productName = SwiftyUserDefaults;
		};
		6B7BCD8224001D9500A85BE2 /* Alamofire */ = {
			isa = XCSwiftPackageProductDependency;
			package = 6B7BCD8124001D9500A85BE2 /* XCRemoteSwiftPackageReference "Alamofire" */;
			productName = Alamofire;
		};
/* End XCSwiftPackageProductDependency section */
	};
	rootObject = 6B47A0B623FF37A800B9E631 /* Project object */;
}
